
Microsoft Visual Studio Solution File, Format Version 12.00
# Visual Studio Version 17
VisualStudioVersion = 17.2.32526.322
MinimumVisualStudioVersion = 10.0.40219.1
Project("{FAE04EC0-301F-11D3-BF4B-00C04F79EFBC}") = "ConnectionAPI", "ConnectionAPI\ConnectionAPI.csproj", "{AC81B7EE-C17D-4A72-B148-9F4E7CE5BAA6}"
EndProject
Global
	GlobalSection(SolutionConfigurationPlatforms) = preSolution
		Debug|Any CPU = Debug|Any CPU
		Release|Any CPU = Release|Any CPU
	EndGlobalSection
	GlobalSection(ProjectConfigurationPlatforms) = postSolution
		{AC81B7EE-C17D-4A72-B148-9F4E7CE5BAA6}.Debug|Any CPU.ActiveCfg = Debug|Any CPU
		{AC81B7EE-C17D-4A72-B148-9F4E7CE5BAA6}.Debug|Any CPU.Build.0 = Debug|Any CPU
		{AC81B7EE-C17D-4A72-B148-9F4E7CE5BAA6}.Release|Any CPU.ActiveCfg = Release|Any CPU
		{AC81B7EE-C17D-4A72-B148-9F4E7CE5BAA6}.Release|Any CPU.Build.0 = Release|Any CPU
	EndGlobalSection
	GlobalSection(SolutionProperties) = preSolution
		HideSolutionNode = FALSE
	EndGlobalSection
	GlobalSection(ExtensibilityGlobals) = postSolution
		SolutionGuid = {1EFEC2A6-57C1-4D5D-887B-AE5597076F17}
	EndGlobalSection
EndGlobal
